
Microsoft Visual Studio Solution File, Format Version 12.00
# Visual Studio 2017
Project("{FAE04EC0-301F-11D3-BF4B-00C04F79EFBC}") = "Graphics", "Graphics.csproj", "{178D89F1-9352-5BF6-C698-A8804A95D189}"
EndProject
Project("{FAE04EC0-301F-11D3-BF4B-00C04F79EFBC}") = "Graphics.Plugins", "Graphics.Plugins.csproj", "{E8EB8E6B-23FF-BC8A-247A-A696B6253213}"
EndProject
Project("{FAE04EC0-301F-11D3-BF4B-00C04F79EFBC}") = "Graphics.Editor.Plugins", "Graphics.Editor.Plugins.csproj", "{DEE8E31C-D725-4B93-4406-91F367BBA035}"
EndProject
Project("{FAE04EC0-301F-11D3-BF4B-00C04F79EFBC}") = "Graphics.Editor", "Graphics.Editor.csproj", "{33308456-934A-2F2E-3F11-6D9FA837DD33}"
EndProject
Global
	GlobalSection(SolutionConfigurationPlatforms) = preSolution
		Debug|Any CPU = Debug|Any CPU
		Release|Any CPU = Release|Any CPU
	EndGlobalSection
	GlobalSection(ProjectConfigurationPlatforms) = postSolution
		{178D89F1-9352-5BF6-C698-A8804A95D189}.Debug|Any CPU.ActiveCfg = Debug|Any CPU
		{178D89F1-9352-5BF6-C698-A8804A95D189}.Debug|Any CPU.Build.0 = Debug|Any CPU
		{178D89F1-9352-5BF6-C698-A8804A95D189}.Release|Any CPU.ActiveCfg = Release|Any CPU
		{178D89F1-9352-5BF6-C698-A8804A95D189}.Release|Any CPU.Build.0 = Release|Any CPU
		{E8EB8E6B-23FF-BC8A-247A-A696B6253213}.Debug|Any CPU.ActiveCfg = Debug|Any CPU
		{E8EB8E6B-23FF-BC8A-247A-A696B6253213}.Debug|Any CPU.Build.0 = Debug|Any CPU
		{E8EB8E6B-23FF-BC8A-247A-A696B6253213}.Release|Any CPU.ActiveCfg = Release|Any CPU
		{E8EB8E6B-23FF-BC8A-247A-A696B6253213}.Release|Any CPU.Build.0 = Release|Any CPU
		{DEE8E31C-D725-4B93-4406-91F367BBA035}.Debug|Any CPU.ActiveCfg = Debug|Any CPU
		{DEE8E31C-D725-4B93-4406-91F367BBA035}.Debug|Any CPU.Build.0 = Debug|Any CPU
		{DEE8E31C-D725-4B93-4406-91F367BBA035}.Release|Any CPU.ActiveCfg = Release|Any CPU
		{DEE8E31C-D725-4B93-4406-91F367BBA035}.Release|Any CPU.Build.0 = Release|Any CPU
		{33308456-934A-2F2E-3F11-6D9FA837DD33}.Debug|Any CPU.ActiveCfg = Debug|Any CPU
		{33308456-934A-2F2E-3F11-6D9FA837DD33}.Debug|Any CPU.Build.0 = Debug|Any CPU
		{33308456-934A-2F2E-3F11-6D9FA837DD33}.Release|Any CPU.ActiveCfg = Release|Any CPU
		{33308456-934A-2F2E-3F11-6D9FA837DD33}.Release|Any CPU.Build.0 = Release|Any CPU
	EndGlobalSection
	GlobalSection(SolutionProperties) = preSolution
		HideSolutionNode = FALSE
	EndGlobalSection
EndGlobal
